// !$*UTF8*$!
{
	archiveVersion = 1;
	classes = {
	};
	objectVersion = 55;
	objects = {

/* Begin PBXBuildFile section */
		C31F837127A93FC700B19997 /* CloudKitDemoApp.swift in Sources */ = {isa = PBXBuildFile; fileRef = C31F837027A93FC700B19997 /* CloudKitDemoApp.swift */; };
		C31F837327A93FC700B19997 /* ContentView.swift in Sources */ = {isa = PBXBuildFile; fileRef = C31F837227A93FC700B19997 /* ContentView.swift */; };
		C31F837527A93FCA00B19997 /* Assets.xcassets in Resources */ = {isa = PBXBuildFile; fileRef = C31F837427A93FCA00B19997 /* Assets.xcassets */; };
		C31F837827A93FCA00B19997 /* Preview Assets.xcassets in Resources */ = {isa = PBXBuildFile; fileRef = C31F837727A93FCA00B19997 /* Preview Assets.xcassets */; };
		C31F838227A93FCB00B19997 /* CloudKitDemoTests.swift in Sources */ = {isa = PBXBuildFile; fileRef = C31F838127A93FCB00B19997 /* CloudKitDemoTests.swift */; };
		C31F838C27A93FCB00B19997 /* CloudKitDemoUITests.swift in Sources */ = {isa = PBXBuildFile; fileRef = C31F838B27A93FCB00B19997 /* CloudKitDemoUITests.swift */; };
		C31F838E27A93FCB00B19997 /* CloudKitDemoUITestsLaunchTests.swift in Sources */ = {isa = PBXBuildFile; fileRef = C31F838D27A93FCB00B19997 /* CloudKitDemoUITestsLaunchTests.swift */; };
/* End PBXBuildFile section */

/* Begin PBXContainerItemProxy section */
		C31F837E27A93FCA00B19997 /* PBXContainerItemProxy */ = {
			isa = PBXContainerItemProxy;
			containerPortal = C31F836527A93FC700B19997 /* Project object */;
			proxyType = 1;
			remoteGlobalIDString = C31F836C27A93FC700B19997;
			remoteInfo = CloudKitDemo;
		};
		C31F838827A93FCB00B19997 /* PBXContainerItemProxy */ = {
			isa = PBXContainerItemProxy;
			containerPortal = C31F836527A93FC700B19997 /* Project object */;
			proxyType = 1;
			remoteGlobalIDString = C31F836C27A93FC700B19997;
			remoteInfo = CloudKitDemo;
		};
/* End PBXContainerItemProxy section */

/* Begin PBXFileReference section */
		C31F836D27A93FC700B19997 /* CloudKitDemo.app */ = {isa = PBXFileReference; explicitFileType = wrapper.application; includeInIndex = 0; path = CloudKitDemo.app; sourceTree = BUILT_PRODUCTS_DIR; };
		C31F837027A93FC700B19997 /* CloudKitDemoApp.swift */ = {isa = PBXFileReference; lastKnownFileType = sourcecode.swift; path = CloudKitDemoApp.swift; sourceTree = "<group>"; };
		C31F837227A93FC700B19997 /* ContentView.swift */ = {isa = PBXFileReference; lastKnownFileType = sourcecode.swift; path = ContentView.swift; sourceTree = "<group>"; };
		C31F837427A93FCA00B19997 /* Assets.xcassets */ = {isa = PBXFileReference; lastKnownFileType = folder.assetcatalog; path = Assets.xcassets; sourceTree = "<group>"; };
		C31F837727A93FCA00B19997 /* Preview Assets.xcassets */ = {isa = PBXFileReference; lastKnownFileType = folder.assetcatalog; path = "Preview Assets.xcassets"; sourceTree = "<group>"; };
		C31F837D27A93FCA00B19997 /* CloudKitDemoTests.xctest */ = {isa = PBXFileReference; explicitFileType = wrapper.cfbundle; includeInIndex = 0; path = CloudKitDemoTests.xctest; sourceTree = BUILT_PRODUCTS_DIR; };
		C31F838127A93FCB00B19997 /* CloudKitDemoTests.swift */ = {isa = PBXFileReference; lastKnownFileType = sourcecode.swift; path = CloudKitDemoTests.swift; sourceTree = "<group>"; };
		C31F838727A93FCB00B19997 /* CloudKitDemoUITests.xctest */ = {isa = PBXFileReference; explicitFileType = wrapper.cfbundle; includeInIndex = 0; path = CloudKitDemoUITests.xctest; sourceTree = BUILT_PRODUCTS_DIR; };
		C31F838B27A93FCB00B19997 /* CloudKitDemoUITests.swift */ = {isa = PBXFileReference; lastKnownFileType = sourcecode.swift; path = CloudKitDemoUITests.swift; sourceTree = "<group>"; };
		C31F838D27A93FCB00B19997 /* CloudKitDemoUITestsLaunchTests.swift */ = {isa = PBXFileReference; lastKnownFileType = sourcecode.swift; path = CloudKitDemoUITestsLaunchTests.swift; sourceTree = "<group>"; };
/* End PBXFileReference section */

/* Begin PBXFrameworksBuildPhase section */
		C31F836A27A93FC700B19997 /* Frameworks */ = {
			isa = PBXFrameworksBuildPhase;
			buildActionMask = 2147483647;
			files = (
			);
			runOnlyForDeploymentPostprocessing = 0;
		};
		C31F837A27A93FCA00B19997 /* Frameworks */ = {
			isa = PBXFrameworksBuildPhase;
			buildActionMask = 2147483647;
			files = (
			);
			runOnlyForDeploymentPostprocessing = 0;
		};
		C31F838427A93FCB00B19997 /* Frameworks */ = {
			isa = PBXFrameworksBuildPhase;
			buildActionMask = 2147483647;
			files = (
			);
			runOnlyForDeploymentPostprocessing = 0;
		};
/* End PBXFrameworksBuildPhase section */

/* Begin PBXGroup section */
		C31F836427A93FC700B19997 = {
			isa = PBXGroup;
			children = (
				C31F836F27A93FC700B19997 /* CloudKitDemo */,
				C31F838027A93FCB00B19997 /* CloudKitDemoTests */,
				C31F838A27A93FCB00B19997 /* CloudKitDemoUITests */,
				C31F836E27A93FC700B19997 /* Products */,
			);
			sourceTree = "<group>";
		};
		C31F836E27A93FC700B19997 /* Products */ = {
			isa = PBXGroup;
			children = (
				C31F836D27A93FC700B19997 /* CloudKitDemo.app */,
				C31F837D27A93FCA00B19997 /* CloudKitDemoTests.xctest */,
				C31F838727A93FCB00B19997 /* CloudKitDemoUITests.xctest */,
			);
			name = Products;
			sourceTree = "<group>";
		};
		C31F836F27A93FC700B19997 /* CloudKitDemo */ = {
			isa = PBXGroup;
			children = (
				C31F837027A93FC700B19997 /* CloudKitDemoApp.swift */,
				C31F837227A93FC700B19997 /* ContentView.swift */,
				C31F837427A93FCA00B19997 /* Assets.xcassets */,
				C31F837627A93FCA00B19997 /* Preview Content */,
			);
			path = CloudKitDemo;
			sourceTree = "<group>";
		};
		C31F837627A93FCA00B19997 /* Preview Content */ = {
			isa = PBXGroup;
			children = (
				C31F837727A93FCA00B19997 /* Preview Assets.xcassets */,
			);
			path = "Preview Content";
			sourceTree = "<group>";
		};
		C31F838027A93FCB00B19997 /* CloudKitDemoTests */ = {
			isa = PBXGroup;
			children = (
				C31F838127A93FCB00B19997 /* CloudKitDemoTests.swift */,
			);
			path = CloudKitDemoTests;
			sourceTree = "<group>";
		};
		C31F838A27A93FCB00B19997 /* CloudKitDemoUITests */ = {
			isa = PBXGroup;
			children = (
				C31F838B27A93FCB00B19997 /* CloudKitDemoUITests.swift */,
				C31F838D27A93FCB00B19997 /* CloudKitDemoUITestsLaunchTests.swift */,
			);
			path = CloudKitDemoUITests;
			sourceTree = "<group>";
		};
/* End PBXGroup section */

/* Begin PBXNativeTarget section */
		C31F836C27A93FC700B19997 /* CloudKitDemo */ = {
			isa = PBXNativeTarget;
			buildConfigurationList = C31F839127A93FCB00B19997 /* Build configuration list for PBXNativeTarget "CloudKitDemo" */;
			buildPhases = (
				C31F836927A93FC700B19997 /* Sources */,
				C31F836A27A93FC700B19997 /* Frameworks */,
				C31F836B27A93FC700B19997 /* Resources */,
			);
			buildRules = (
			);
			dependencies = (
			);
			name = CloudKitDemo;
			productName = CloudKitDemo;
			productReference = C31F836D27A93FC700B19997 /* CloudKitDemo.app */;
			productType = "com.apple.product-type.application";
		};
		C31F837C27A93FCA00B19997 /* CloudKitDemoTests */ = {
			isa = PBXNativeTarget;
			buildConfigurationList = C31F839427A93FCB00B19997 /* Build configuration list for PBXNativeTarget "CloudKitDemoTests" */;
			buildPhases = (
				C31F837927A93FCA00B19997 /* Sources */,
				C31F837A27A93FCA00B19997 /* Frameworks */,
				C31F837B27A93FCA00B19997 /* Resources */,
			);
			buildRules = (
			);
			dependencies = (
				C31F837F27A93FCA00B19997 /* PBXTargetDependency */,
			);
			name = CloudKitDemoTests;
			productName = CloudKitDemoTests;
			productReference = C31F837D27A93FCA00B19997 /* CloudKitDemoTests.xctest */;
			productType = "com.apple.product-type.bundle.unit-test";
		};
		C31F838627A93FCB00B19997 /* CloudKitDemoUITests */ = {
			isa = PBXNativeTarget;
			buildConfigurationList = C31F839727A93FCB00B19997 /* Build configuration list for PBXNativeTarget "CloudKitDemoUITests" */;
			buildPhases = (
				C31F838327A93FCB00B19997 /* Sources */,
				C31F838427A93FCB00B19997 /* Frameworks */,
				C31F838527A93FCB00B19997 /* Resources */,
			);
			buildRules = (
			);
			dependencies = (
				C31F838927A93FCB00B19997 /* PBXTargetDependency */,
			);
			name = CloudKitDemoUITests;
			productName = CloudKitDemoUITests;
			productReference = C31F838727A93FCB00B19997 /* CloudKitDemoUITests.xctest */;
			productType = "com.apple.product-type.bundle.ui-testing";
		};
/* End PBXNativeTarget section */

/* Begin PBXProject section */
		C31F836527A93FC700B19997 /* Project object */ = {
			isa = PBXProject;
			attributes = {
				BuildIndependentTargetsInParallel = 1;
				LastSwiftUpdateCheck = 1320;
				LastUpgradeCheck = 1320;
				TargetAttributes = {
					C31F836C27A93FC700B19997 = {
						CreatedOnToolsVersion = 13.2.1;
					};
					C31F837C27A93FCA00B19997 = {
						CreatedOnToolsVersion = 13.2.1;
						TestTargetID = C31F836C27A93FC700B19997;
					};
					C31F838627A93FCB00B19997 = {
						CreatedOnToolsVersion = 13.2.1;
						TestTargetID = C31F836C27A93FC700B19997;
					};
				};
			};
			buildConfigurationList = C31F836827A93FC700B19997 /* Build configuration list for PBXProject "CloudKitDemo" */;
			compatibilityVersion = "Xcode 13.0";
			developmentRegion = en;
			hasScannedForEncodings = 0;
			knownRegions = (
				en,
				Base,
			);
			mainGroup = C31F836427A93FC700B19997;
			productRefGroup = C31F836E27A93FC700B19997 /* Products */;
			projectDirPath = "";
			projectRoot = "";
			targets = (
				C31F836C27A93FC700B19997 /* CloudKitDemo */,
				C31F837C27A93FCA00B19997 /* CloudKitDemoTests */,
				C31F838627A93FCB00B19997 /* CloudKitDemoUITests */,
			);
		};
/* End PBXProject section */

/* Begin PBXResourcesBuildPhase section */
		C31F836B27A93FC700B19997 /* Resources */ = {
			isa = PBXResourcesBuildPhase;
			buildActionMask = 2147483647;
			files = (
				C31F837827A93FCA00B19997 /* Preview Assets.xcassets in Resources */,
				C31F837527A93FCA00B19997 /* Assets.xcassets in Resources */,
			);
			runOnlyForDeploymentPostprocessing = 0;
		};
		C31F837B27A93FCA00B19997 /* Resources */ = {
			isa = PBXResourcesBuildPhase;
			buildActionMask = 2147483647;
			files = (
			);
			runOnlyForDeploymentPostprocessing = 0;
		};
		C31F838527A93FCB00B19997 /* Resources */ = {
			isa = PBXResourcesBuildPhase;
			buildActionMask = 2147483647;
			files = (
			);
			runOnlyForDeploymentPostprocessing = 0;
		};
/* End PBXResourcesBuildPhase section */

/* Begin PBXSourcesBuildPhase section */
		C31F836927A93FC700B19997 /* Sources */ = {
			isa = PBXSourcesBuildPhase;
			buildActionMask = 2147483647;
			files = (
				C31F837327A93FC700B19997 /* ContentView.swift in Sources */,
				C31F837127A93FC700B19997 /* CloudKitDemoApp.swift in Sources */,
			);
			runOnlyForDeploymentPostprocessing = 0;
		};
		C31F837927A93FCA00B19997 /* Sources */ = {
			isa = PBXSourcesBuildPhase;
			buildActionMask = 2147483647;
			files = (
				C31F838227A93FCB00B19997 /* CloudKitDemoTests.swift in Sources */,
			);
			runOnlyForDeploymentPostprocessing = 0;
		};
		C31F838327A93FCB00B19997 /* Sources */ = {
			isa = PBXSourcesBuildPhase;
			buildActionMask = 2147483647;
			files = (
				C31F838E27A93FCB00B19997 /* CloudKitDemoUITestsLaunchTests.swift in Sources */,
				C31F838C27A93FCB00B19997 /* CloudKitDemoUITests.swift in Sources */,
			);
			runOnlyForDeploymentPostprocessing = 0;
		};
/* End PBXSourcesBuildPhase section */

/* Begin PBXTargetDependency section */
		C31F837F27A93FCA00B19997 /* PBXTargetDependency */ = {
			isa = PBXTargetDependency;
			target = C31F836C27A93FC700B19997 /* CloudKitDemo */;
			targetProxy = C31F837E27A93FCA00B19997 /* PBXContainerItemProxy */;
		};
		C31F838927A93FCB00B19997 /* PBXTargetDependency */ = {
			isa = PBXTargetDependency;
			target = C31F836C27A93FC700B19997 /* CloudKitDemo */;
			targetProxy = C31F838827A93FCB00B19997 /* PBXContainerItemProxy */;
		};
/* End PBXTargetDependency section */

/* Begin XCBuildConfiguration section */
		C31F838F27A93FCB00B19997 /* Debug */ = {
			isa = XCBuildConfiguration;
			buildSettings = {
				ALWAYS_SEARCH_USER_PATHS = NO;
				CLANG_ANALYZER_NONNULL = YES;
				CLANG_ANALYZER_NUMBER_OBJECT_CONVERSION = YES_AGGRESSIVE;
				CLANG_CXX_LANGUAGE_STANDARD = "gnu++17";
				CLANG_CXX_LIBRARY = "libc++";
				CLANG_ENABLE_MODULES = YES;
				CLANG_ENABLE_OBJC_ARC = YES;
				CLANG_ENABLE_OBJC_WEAK = YES;
				CLANG_WARN_BLOCK_CAPTURE_AUTORELEASING = YES;
				CLANG_WARN_BOOL_CONVERSION = YES;
				CLANG_WARN_COMMA = YES;
				CLANG_WARN_CONSTANT_CONVERSION = YES;
				CLANG_WARN_DEPRECATED_OBJC_IMPLEMENTATIONS = YES;
				CLANG_WARN_DIRECT_OBJC_ISA_USAGE = YES_ERROR;
				CLANG_WARN_DOCUMENTATION_COMMENTS = YES;
				CLANG_WARN_EMPTY_BODY = YES;
				CLANG_WARN_ENUM_CONVERSION = YES;
				CLANG_WARN_INFINITE_RECURSION = YES;
				CLANG_WARN_INT_CONVERSION = YES;
				CLANG_WARN_NON_LITERAL_NULL_CONVERSION = YES;
				CLANG_WARN_OBJC_IMPLICIT_RETAIN_SELF = YES;
				CLANG_WARN_OBJC_LITERAL_CONVERSION = YES;
				CLANG_WARN_OBJC_ROOT_CLASS = YES_ERROR;
				CLANG_WARN_QUOTED_INCLUDE_IN_FRAMEWORK_HEADER = YES;
				CLANG_WARN_RANGE_LOOP_ANALYSIS = YES;
				CLANG_WARN_STRICT_PROTOTYPES = YES;
				CLANG_WARN_SUSPICIOUS_MOVE = YES;
				CLANG_WARN_UNGUARDED_AVAILABILITY = YES_AGGRESSIVE;
				CLANG_WARN_UNREACHABLE_CODE = YES;
				CLANG_WARN__DUPLICATE_METHOD_MATCH = YES;
				COPY_PHASE_STRIP = NO;
				DEBUG_INFORMATION_FORMAT = dwarf;
				ENABLE_STRICT_OBJC_MSGSEND = YES;
				ENABLE_TESTABILITY = YES;
				GCC_C_LANGUAGE_STANDARD = gnu11;
				GCC_DYNAMIC_NO_PIC = NO;
				GCC_NO_COMMON_BLOCKS = YES;
				GCC_OPTIMIZATION_LEVEL = 0;
				GCC_PREPROCESSOR_DEFINITIONS = (
					"DEBUG=1",
					"$(inherited)",
				);
				GCC_WARN_64_TO_32_BIT_CONVERSION = YES;
				GCC_WARN_ABOUT_RETURN_TYPE = YES_ERROR;
				GCC_WARN_UNDECLARED_SELECTOR = YES;
				GCC_WARN_UNINITIALIZED_AUTOS = YES_AGGRESSIVE;
				GCC_WARN_UNUSED_FUNCTION = YES;
				GCC_WARN_UNUSED_VARIABLE = YES;
				IPHONEOS_DEPLOYMENT_TARGET = 15.2;
				MTL_ENABLE_DEBUG_INFO = INCLUDE_SOURCE;
				MTL_FAST_MATH = YES;
				ONLY_ACTIVE_ARCH = YES;
				SDKROOT = iphoneos;
				SWIFT_ACTIVE_COMPILATION_CONDITIONS = DEBUG;
				SWIFT_OPTIMIZATION_LEVEL = "-Onone";
			};
			name = Debug;
		};
		C31F839027A93FCB00B19997 /* Release */ = {
			isa = XCBuildConfiguration;
			buildSettings = {
				ALWAYS_SEARCH_USER_PATHS = NO;
				CLANG_ANALYZER_NONNULL = YES;
				CLANG_ANALYZER_NUMBER_OBJECT_CONVERSION = YES_AGGRESSIVE;
				CLANG_CXX_LANGUAGE_STANDARD = "gnu++17";
				CLANG_CXX_LIBRARY = "libc++";
				CLANG_ENABLE_MODULES = YES;
				CLANG_ENABLE_OBJC_ARC = YES;
				CLANG_ENABLE_OBJC_WEAK = YES;
				CLANG_WARN_BLOCK_CAPTURE_AUTORELEASING = YES;
				CLANG_WARN_BOOL_CONVERSION = YES;
				CLANG_WARN_COMMA = YES;
				CLANG_WARN_CONSTANT_CONVERSION = YES;
				CLANG_WARN_DEPRECATED_OBJC_IMPLEMENTATIONS = YES;
				CLANG_WARN_DIRECT_OBJC_ISA_USAGE = YES_ERROR;
				CLANG_WARN_DOCUMENTATION_COMMENTS = YES;
				CLANG_WARN_EMPTY_BODY = YES;
				CLANG_WARN_ENUM_CONVERSION = YES;
				CLANG_WARN_INFINITE_RECURSION = YES;
				CLANG_WARN_INT_CONVERSION = YES;
				CLANG_WARN_NON_LITERAL_NULL_CONVERSION = YES;
				CLANG_WARN_OBJC_IMPLICIT_RETAIN_SELF = YES;
				CLANG_WARN_OBJC_LITERAL_CONVERSION = YES;
				CLANG_WARN_OBJC_ROOT_CLASS = YES_ERROR;
				CLANG_WARN_QUOTED_INCLUDE_IN_FRAMEWORK_HEADER = YES;
				CLANG_WARN_RANGE_LOOP_ANALYSIS = YES;
				CLANG_WARN_STRICT_PROTOTYPES = YES;
				CLANG_WARN_SUSPICIOUS_MOVE = YES;
				CLANG_WARN_UNGUARDED_AVAILABILITY = YES_AGGRESSIVE;
				CLANG_WARN_UNREACHABLE_CODE = YES;
				CLANG_WARN__DUPLICATE_METHOD_MATCH = YES;
				COPY_PHASE_STRIP = NO;
				DEBUG_INFORMATION_FORMAT = "dwarf-with-dsym";
				ENABLE_NS_ASSERTIONS = NO;
				ENABLE_STRICT_OBJC_MSGSEND = YES;
				GCC_C_LANGUAGE_STANDARD = gnu11;
				GCC_NO_COMMON_BLOCKS = YES;
				GCC_WARN_64_TO_32_BIT_CONVERSION = YES;
				GCC_WARN_ABOUT_RETURN_TYPE = YES_ERROR;
				GCC_WARN_UNDECLARED_SELECTOR = YES;
				GCC_WARN_UNINITIALIZED_AUTOS = YES_AGGRESSIVE;
				GCC_WARN_UNUSED_FUNCTION = YES;
				GCC_WARN_UNUSED_VARIABLE = YES;
				IPHONEOS_DEPLOYMENT_TARGET = 15.2;
				MTL_ENABLE_DEBUG_INFO = NO;
				MTL_FAST_MATH = YES;
				SDKROOT = iphoneos;
				SWIFT_COMPILATION_MODE = wholemodule;
				SWIFT_OPTIMIZATION_LEVEL = "-O";
				VALIDATE_PRODUCT = YES;
			};
			name = Release;
		};
		C31F839227A93FCB00B19997 /* Debug */ = {
			isa = XCBuildConfiguration;
			buildSettings = {
				ASSETCATALOG_COMPILER_APPICON_NAME = AppIcon;
				ASSETCATALOG_COMPILER_GLOBAL_ACCENT_COLOR_NAME = AccentColor;
				CODE_SIGN_STYLE = Automatic;
				CURRENT_PROJECT_VERSION = 1;
				DEVELOPMENT_ASSET_PATHS = "\"CloudKitDemo/Preview Content\"";
				ENABLE_PREVIEWS = YES;
				GENERATE_INFOPLIST_FILE = YES;
				INFOPLIST_KEY_UIApplicationSceneManifest_Generation = YES;
				INFOPLIST_KEY_UIApplicationSupportsIndirectInputEvents = YES;
				INFOPLIST_KEY_UILaunchScreen_Generation = YES;
				INFOPLIST_KEY_UISupportedInterfaceOrientations_iPad = "UIInterfaceOrientationPortrait UIInterfaceOrientationPortraitUpsideDown UIInterfaceOrientationLandscapeLeft UIInterfaceOrientationLandscapeRight";
				INFOPLIST_KEY_UISupportedInterfaceOrientations_iPhone = "UIInterfaceOrientationPortrait UIInterfaceOrientationLandscapeLeft UIInterfaceOrientationLandscapeRight";
				LD_RUNPATH_SEARCH_PATHS = (
					"$(inherited)",
					"@executable_path/Frameworks",
				);
				MARKETING_VERSION = 1.0;
				PRODUCT_BUNDLE_IDENTIFIER = com.scorp.CloudKitDemo;
				PRODUCT_NAME = "$(TARGET_NAME)";
				SWIFT_EMIT_LOC_STRINGS = YES;
				SWIFT_VERSION = 5.0;
				TARGETED_DEVICE_FAMILY = "1,2";
			};
			name = Debug;
		};
		C31F839327A93FCB00B19997 /* Release */ = {
			isa = XCBuildConfiguration;
			buildSettings = {
				ASSETCATALOG_COMPILER_APPICON_NAME = AppIcon;
				ASSETCATALOG_COMPILER_GLOBAL_ACCENT_COLOR_NAME = AccentColor;
				CODE_SIGN_STYLE = Automatic;
				CURRENT_PROJECT_VERSION = 1;
				DEVELOPMENT_ASSET_PATHS = "\"CloudKitDemo/Preview Content\"";
				ENABLE_PREVIEWS = YES;
				GENERATE_INFOPLIST_FILE = YES;
				INFOPLIST_KEY_UIApplicationSceneManifest_Generation = YES;
				INFOPLIST_KEY_UIApplicationSupportsIndirectInputEvents = YES;
				INFOPLIST_KEY_UILaunchScreen_Generation = YES;
				INFOPLIST_KEY_UISupportedInterfaceOrientations_iPad = "UIInterfaceOrientationPortrait UIInterfaceOrientationPortraitUpsideDown UIInterfaceOrientationLandscapeLeft UIInterfaceOrientationLandscapeRight";
				INFOPLIST_KEY_UISupportedInterfaceOrientations_iPhone = "UIInterfaceOrientationPortrait UIInterfaceOrientationLandscapeLeft UIInterfaceOrientationLandscapeRight";
				LD_RUNPATH_SEARCH_PATHS = (
					"$(inherited)",
					"@executable_path/Frameworks",
				);
				MARKETING_VERSION = 1.0;
				PRODUCT_BUNDLE_IDENTIFIER = com.scorp.CloudKitDemo;
				PRODUCT_NAME = "$(TARGET_NAME)";
				SWIFT_EMIT_LOC_STRINGS = YES;
				SWIFT_VERSION = 5.0;
				TARGETED_DEVICE_FAMILY = "1,2";
			};
			name = Release;
		};
		C31F839527A93FCB00B19997 /* Debug */ = {
			isa = XCBuildConfiguration;
			buildSettings = {
				ALWAYS_EMBED_SWIFT_STANDARD_LIBRARIES = YES;
				BUNDLE_LOADER = "$(TEST_HOST)";
				CODE_SIGN_STYLE = Automatic;
				CURRENT_PROJECT_VERSION = 1;
				GENERATE_INFOPLIST_FILE = YES;
				IPHONEOS_DEPLOYMENT_TARGET = 15.2;
				MARKETING_VERSION = 1.0;
				PRODUCT_BUNDLE_IDENTIFIER = com.scorp.CloudKitDemoTests;
				PRODUCT_NAME = "$(TARGET_NAME)";
				SWIFT_EMIT_LOC_STRINGS = NO;
				SWIFT_VERSION = 5.0;
				TARGETED_DEVICE_FAMILY = "1,2";
				TEST_HOST = "$(BUILT_PRODUCTS_DIR)/CloudKitDemo.app/CloudKitDemo";
			};
			name = Debug;
		};
		C31F839627A93FCB00B19997 /* Release */ = {
			isa = XCBuildConfiguration;
			buildSettings = {
				ALWAYS_EMBED_SWIFT_STANDARD_LIBRARIES = YES;
				BUNDLE_LOADER = "$(TEST_HOST)";
				CODE_SIGN_STYLE = Automatic;
				CURRENT_PROJECT_VERSION = 1;
				GENERATE_INFOPLIST_FILE = YES;
				IPHONEOS_DEPLOYMENT_TARGET = 15.2;
				MARKETING_VERSION = 1.0;
				PRODUCT_BUNDLE_IDENTIFIER = com.scorp.CloudKitDemoTests;
				PRODUCT_NAME = "$(TARGET_NAME)";
				SWIFT_EMIT_LOC_STRINGS = NO;
				SWIFT_VERSION = 5.0;
				TARGETED_DEVICE_FAMILY = "1,2";
				TEST_HOST = "$(BUILT_PRODUCTS_DIR)/CloudKitDemo.app/CloudKitDemo";
			};
			name = Release;
		};
		C31F839827A93FCB00B19997 /* Debug */ = {
			isa = XCBuildConfiguration;
			buildSettings = {
				ALWAYS_EMBED_SWIFT_STANDARD_LIBRARIES = YES;
				CODE_SIGN_STYLE = Automatic;
				CURRENT_PROJECT_VERSION = 1;
				GENERATE_INFOPLIST_FILE = YES;
				MARKETING_VERSION = 1.0;
				PRODUCT_BUNDLE_IDENTIFIER = com.scorp.CloudKitDemoUITests;
				PRODUCT_NAME = "$(TARGET_NAME)";
				SWIFT_EMIT_LOC_STRINGS = NO;
				SWIFT_VERSION = 5.0;
				TARGETED_DEVICE_FAMILY = "1,2";
				TEST_TARGET_NAME = CloudKitDemo;
			};
			name = Debug;
		};
		C31F839927A93FCB00B19997 /* Release */ = {
			isa = XCBuildConfiguration;
			buildSettings = {
				ALWAYS_EMBED_SWIFT_STANDARD_LIBRARIES = YES;
				CODE_SIGN_STYLE = Automatic;
				CURRENT_PROJECT_VERSION = 1;
				GENERATE_INFOPLIST_FILE = YES;
				MARKETING_VERSION = 1.0;
				PRODUCT_BUNDLE_IDENTIFIER = com.scorp.CloudKitDemoUITests;
				PRODUCT_NAME = "$(TARGET_NAME)";
				SWIFT_EMIT_LOC_STRINGS = NO;
				SWIFT_VERSION = 5.0;
				TARGETED_DEVICE_FAMILY = "1,2";
				TEST_TARGET_NAME = CloudKitDemo;
			};
			name = Release;
		};
/* End XCBuildConfiguration section */

/* Begin XCConfigurationList section */
		C31F836827A93FC700B19997 /* Build configuration list for PBXProject "CloudKitDemo" */ = {
			isa = XCConfigurationList;
			buildConfigurations = (
				C31F838F27A93FCB00B19997 /* Debug */,
				C31F839027A93FCB00B19997 /* Release */,
			);
			defaultConfigurationIsVisible = 0;
			defaultConfigurationName = Release;
		};
		C31F839127A93FCB00B19997 /* Build configuration list for PBXNativeTarget "CloudKitDemo" */ = {
			isa = XCConfigurationList;
			buildConfigurations = (
				C31F839227A93FCB00B19997 /* Debug */,
				C31F839327A93FCB00B19997 /* Release */,
			);
			defaultConfigurationIsVisible = 0;
			defaultConfigurationName = Release;
		};
		C31F839427A93FCB00B19997 /* Build configuration list for PBXNativeTarget "CloudKitDemoTests" */ = {
			isa = XCConfigurationList;
			buildConfigurations = (
				C31F839527A93FCB00B19997 /* Debug */,
				C31F839627A93FCB00B19997 /* Release */,
			);
			defaultConfigurationIsVisible = 0;
			defaultConfigurationName = Release;
		};
		C31F839727A93FCB00B19997 /* Build configuration list for PBXNativeTarget "CloudKitDemoUITests" */ = {
			isa = XCConfigurationList;
			buildConfigurations = (
				C31F839827A93FCB00B19997 /* Debug */,
				C31F839927A93FCB00B19997 /* Release */,
			);
			defaultConfigurationIsVisible = 0;
			defaultConfigurationName = Release;
		};
/* End XCConfigurationList section */
	};
	rootObject = C31F836527A93FC700B19997 /* Project object */;
}
